
Microsoft Visual Studio Solution File, Format Version 12.00
# Visual Studio Version 16
VisualStudioVersion = 16.0.32802.440
MinimumVisualStudioVersion = 10.0.40219.1
Project("{9A19103F-16F7-4668-BE54-9A1E7A4F7556}") = "ProtobufDotNet", "ProtobufDotNet\ProtobufDotNet.csproj", "{D93C971C-75C5-46A5-8099-E16A6489D1E2}"
EndProject
Global
	GlobalSection(SolutionConfigurationPlatforms) = preSolution
		Debug|Any CPU = Debug|Any CPU
		Release|Any CPU = Release|Any CPU
	EndGlobalSection
	GlobalSection(ProjectConfigurationPlatforms) = postSolution
		{D93C971C-75C5-46A5-8099-E16A6489D1E2}.Debug|Any CPU.ActiveCfg = Debug|Any CPU
		{D93C971C-75C5-46A5-8099-E16A6489D1E2}.Debug|Any CPU.Build.0 = Debug|Any CPU
		{D93C971C-75C5-46A5-8099-E16A6489D1E2}.Release|Any CPU.ActiveCfg = Release|Any CPU
		{D93C971C-75C5-46A5-8099-E16A6489D1E2}.Release|Any CPU.Build.0 = Release|Any CPU
	EndGlobalSection
	GlobalSection(SolutionProperties) = preSolution
		HideSolutionNode = FALSE
	EndGlobalSection
	GlobalSection(ExtensibilityGlobals) = postSolution
		SolutionGuid = {EE124164-E7C6-478D-9233-A19A0298D914}
	EndGlobalSection
EndGlobal
